
Microsoft Visual Studio Solution File, Format Version 12.00
# Visual Studio 14
VisualStudioVersion = 14.0.23107.0
MinimumVisualStudioVersion = 10.0.40219.1
Project("{FAE04EC0-301F-11D3-BF4B-00C04F79EFBC}") = "GrabCaster.Framework", "Framework\GrabCaster.Framework.csproj", "{5C90B335-47A3-4ADE-8B30-3AA286976A27}"
	ProjectSection(ProjectDependencies) = postProject
		{3E75B5A3-29CD-495C-AE60-3A4991F39BF8} = {3E75B5A3-29CD-495C-AE60-3A4991F39BF8}
	EndProjectSection
EndProject
Project("{FAE04EC0-301F-11D3-BF4B-00C04F79EFBC}") = "GrabCaster.Framework.Base", "Framework.Base\GrabCaster.Framework.Base.csproj", "{14BA110C-7065-4099-BDE5-313F984B913D}"
EndProject
Project("{FAE04EC0-301F-11D3-BF4B-00C04F79EFBC}") = "GrabCaster.Framework.Contracts", "Framework.Contracts\GrabCaster.Framework.Contracts.csproj", "{48B1DC31-F74D-41D2-AA27-7A76F2E198B6}"
EndProject
Project("{2150E333-8FDC-42A3-9474-1A3956D46DE8}") = "Events", "Events", "{93BEE38A-3878-4B53-B4D7-AF27F17F3632}"
EndProject
Project("{FAE04EC0-301F-11D3-BF4B-00C04F79EFBC}") = "GrabCaster.SDK.AzureBlobEvent", "Events\AzureBlobEvent\GrabCaster.SDK.AzureBlobEvent.csproj", "{8AE36B4B-E58D-4F4B-966E-76E36F7030F0}"
EndProject
Project("{FAE04EC0-301F-11D3-BF4B-00C04F79EFBC}") = "GrabCaster.SDK.AzureQueueEvent", "Events\AzureQueueEvent\GrabCaster.SDK.AzureQueueEvent.csproj", "{FD7A04A2-CD9E-433B-8587-C6FA79092B35}"
EndProject
Project("{FAE04EC0-301F-11D3-BF4B-00C04F79EFBC}") = "GrabCaster.SDK.AzureTopicEvent", "Events\AzureTopicEvent\GrabCaster.SDK.AzureTopicEvent.csproj", "{81B0014C-CA15-4F0E-958B-B4A1FB0854AB}"
EndProject
Project("{FAE04EC0-301F-11D3-BF4B-00C04F79EFBC}") = "GrabCaster.SDK.BulksqlServerEvent", "Events\BULKSQLServerEvent\GrabCaster.SDK.BulksqlServerEvent.csproj", "{D046B7EF-B8A1-47FA-A985-E1E2EF1454B4}"
EndProject
Project("{FAE04EC0-301F-11D3-BF4B-00C04F79EFBC}") = "GrabCaster.SDK.CSharpEvent", "Events\CSharpEvent\GrabCaster.SDK.CSharpEvent.csproj", "{8CD4E3E1-5BC7-4EC7-8107-A1DA81F0AD43}"
EndProject
Project("{FAE04EC0-301F-11D3-BF4B-00C04F79EFBC}") = "GrabCaster.SDK.DialogBoxEvent", "Events\DialogBoxEvent\GrabCaster.SDK.DialogBoxEvent.csproj", "{519B1281-3F67-4723-919E-4738AEB8E139}"
EndProject
Project("{FAE04EC0-301F-11D3-BF4B-00C04F79EFBC}") = "GrabCaster.SDK.EventHubEvent", "Events\EventHubEvent\GrabCaster.SDK.EventHubEvent.csproj", "{FDEA48AA-9BBC-406A-89A7-105234C719B4}"
EndProject
Project("{FAE04EC0-301F-11D3-BF4B-00C04F79EFBC}") = "GrabCaster.SDK.FileEvent", "Events\FileEvent\GrabCaster.SDK.FileEvent.csproj", "{928AA092-5C55-4A2A-A81D-666D105E6D7C}"
EndProject
Project("{FAE04EC0-301F-11D3-BF4B-00C04F79EFBC}") = "GrabCaster.SDK.MessageBoxEvent", "Events\MessageBoxEvent\GrabCaster.SDK.MessageBoxEvent.csproj", "{72BAC541-AEEA-436E-A8BE-2BC233CC3970}"
EndProject
Project("{FAE04EC0-301F-11D3-BF4B-00C04F79EFBC}") = "GrabCaster.SDK.NopEvent", "Events\NOPEvent\GrabCaster.SDK.NopEvent.csproj", "{963E5489-5AE4-41B9-A11F-18B0E6E85C52}"
EndProject
Project("{FAE04EC0-301F-11D3-BF4B-00C04F79EFBC}") = "GrabCaster.SDK.PowershellEvent", "Events\PowershellEvent\GrabCaster.SDK.PowershellEvent.csproj", "{678C2BA6-3283-48DA-A281-239A5A0A4085}"
EndProject
Project("{FAE04EC0-301F-11D3-BF4B-00C04F79EFBC}") = "GrabCaster.SDK.TwilioEvent", "Events\TwilioEvent\GrabCaster.SDK.TwilioEvent.csproj", "{530718A0-0ED4-456C-968D-5A60933AE7A0}"
EndProject
Project("{2150E333-8FDC-42A3-9474-1A3956D46DE8}") = "Triggers", "Triggers", "{A2E7CCE3-2499-4928-8D5B-1E83C1EFE08F}"
EndProject
Project("{FAE04EC0-301F-11D3-BF4B-00C04F79EFBC}") = "GrabCaster.SDK.AzureBlobTrigger", "Triggers\AzureBlobTrigger\GrabCaster.SDK.AzureBlobTrigger.csproj", "{2B784344-7969-4274-BE97-079C5F5360E2}"
EndProject
Project("{FAE04EC0-301F-11D3-BF4B-00C04F79EFBC}") = "GrabCaster.SDK.AzureQueueTrigger", "Triggers\AzureQueueTrigger\GrabCaster.SDK.AzureQueueTrigger.csproj", "{4EDDA24D-DC45-4E2B-B6E8-1DB2BFD78F07}"
EndProject
Project("{FAE04EC0-301F-11D3-BF4B-00C04F79EFBC}") = "GrabCaster.SDK.AzureTopicTrigger", "Triggers\AzureTopicTrigger\GrabCaster.SDK.AzureTopicTrigger.csproj", "{BFCDAEF5-83A3-4961-B251-9D2157681367}"
EndProject
Project("{FAE04EC0-301F-11D3-BF4B-00C04F79EFBC}") = "GrabCaster.SDK.CSharpTrigger", "Triggers\CSharpTrigger\GrabCaster.SDK.CSharpTrigger.csproj", "{C0356162-07D7-4569-AEDA-5D04295F3F7A}"
EndProject
Project("{FAE04EC0-301F-11D3-BF4B-00C04F79EFBC}") = "GrabCaster.SDK.PowerShellTrigger", "Triggers\PowershellTrigger\GrabCaster.SDK.PowerShellTrigger.csproj", "{7FC0D75D-CF8A-4A47-9A1B-9721C237A124}"
EndProject
Project("{FAE04EC0-301F-11D3-BF4B-00C04F79EFBC}") = "GrabCaster.SDK.FileTrigger", "Triggers\FileTrigger\GrabCaster.SDK.FileTrigger.csproj", "{2EC74913-B9FA-421E-8B1E-37F42442F368}"
EndProject
Project("{FAE04EC0-301F-11D3-BF4B-00C04F79EFBC}") = "GrabCaster.SDK.NopTrigger", "Triggers\NOPTrigger\GrabCaster.SDK.NopTrigger.csproj", "{39B25B3F-B31C-4767-BCE3-246BF9A223BB}"
EndProject
Project("{FAE04EC0-301F-11D3-BF4B-00C04F79EFBC}") = "GrabCaster.SDK.RfidTrigger", "Triggers\RfidTrigger\GrabCaster.SDK.RfidTrigger.csproj", "{0CC65516-E9A6-4516-829C-8EA6369AC962}"
EndProject
Project("{FAE04EC0-301F-11D3-BF4B-00C04F79EFBC}") = "GrabCaster.SDK.BulksqlServerTrigger", "Triggers\BULKSQLServerTrigger\GrabCaster.SDK.BulksqlServerTrigger.csproj", "{884F4897-D442-45E1-993C-28DB19B1CBA4}"
EndProject
Project("{FAE04EC0-301F-11D3-BF4B-00C04F79EFBC}") = "GrabCaster.SDK.SqlServerTrigger", "Triggers\SQLServerTrigger\GrabCaster.SDK.SqlServerTrigger.csproj", "{39D23574-E6A1-4E0E-A7DD-E2FF150826F5}"
EndProject
Project("{FAE04EC0-301F-11D3-BF4B-00C04F79EFBC}") = "GrabCaster.SDK.EventViewerTrigger", "Triggers\EventViewerTrigger\GrabCaster.SDK.EventViewerTrigger.csproj", "{CBB033E7-5EA1-4D48-86B0-B111998CA711}"
EndProject
Project("{FAE04EC0-301F-11D3-BF4B-00C04F79EFBC}") = "GrabCaster.SDK.EtwTrigger", "Triggers\ETW\GrabCaster.SDK.EtwTrigger.csproj", "{F10B069C-8C2D-4EF6-B196-98AD8F712959}"
EndProject
Project("{FAE04EC0-301F-11D3-BF4B-00C04F79EFBC}") = "GrabCaster.SDK.EventHubsTrigger", "Triggers\EventHubsTrigger\GrabCaster.SDK.EventHubsTrigger.csproj", "{1C25FA46-E6CC-4D58-A89C-221C7185EE65}"
EndProject
Project("{FAE04EC0-301F-11D3-BF4B-00C04F79EFBC}") = "GrabCaster.Framework.Engine", "Framework.Engine\GrabCaster.Framework.Engine.csproj", "{94DA84F7-5E3E-4F1E-A183-07611FD6E302}"
EndProject
Project("{FAE04EC0-301F-11D3-BF4B-00C04F79EFBC}") = "GrabCaster.Framework.PerfCounters", "Framework.PerfCounters\GrabCaster.Framework.PerfCounters.csproj", "{893F7DCF-98C1-45D1-9154-1A5A361D4ECA}"
EndProject
Project("{FAE04EC0-301F-11D3-BF4B-00C04F79EFBC}") = "GrabCaster.Framework.Common", "Framework.Common\GrabCaster.Framework.Common.csproj", "{CF8282B8-4B29-4A41-8DBC-51A2FC45D223}"
EndProject
Project("{FAE04EC0-301F-11D3-BF4B-00C04F79EFBC}") = "GrabCaster.Framework.Serialization", "Framework.Serialization\GrabCaster.Framework.Serialization.csproj", "{AFEE871C-778B-4A26-9609-609D922D9653}"
EndProject
Project("{FAE04EC0-301F-11D3-BF4B-00C04F79EFBC}") = "GrabCaster.Framework.Storage", "Framework.Storage\GrabCaster.Framework.Storage.csproj", "{AC98C92E-9D9B-4B31-9FE3-7980C856C2F7}"
EndProject
Project("{2150E333-8FDC-42A3-9474-1A3956D46DE8}") = "SolutionNotes", "SolutionNotes", "{E581B883-CC09-4E5C-8737-DC61ABCEFDB4}"
	ProjectSection(SolutionItems) = preProject
		Copyright.txt = Copyright.txt
		SolutionNotes\Demo London.txt = SolutionNotes\Demo London.txt
		SolutionNotes\KillService.txt = SolutionNotes\KillService.txt
		SolutionNotes\Modifiche storico.txt = SolutionNotes\Modifiche storico.txt
		Readme.md = Readme.md
		References.txt = References.txt
		SolutionNotes\repetear code.txt = SolutionNotes\repetear code.txt
		SolutionNotes\SystemWatcherLabCode.txt = SolutionNotes\SystemWatcherLabCode.txt
		TODO before the release.txt = TODO before the release.txt
	EndProjectSection
EndProject
Project("{2150E333-8FDC-42A3-9474-1A3956D46DE8}") = "Develoment Script", "Develoment Script", "{98BA9CA1-ED78-4C67-9336-46B64EAE98DB}"
	ProjectSection(SolutionItems) = preProject
		Development Script\DeployEventsDLLDebugversion.cmd = Development Script\DeployEventsDLLDebugversion.cmd
		Development Script\DeployEventsDLLReleaseversion.cmd = Development Script\DeployEventsDLLReleaseversion.cmd
		Development Script\DeployTriggerDLLDebugversion.cmd = Development Script\DeployTriggerDLLDebugversion.cmd
		Development Script\DeployTriggerDLLReleaseversion.cmd = Development Script\DeployTriggerDLLReleaseversion.cmd
		Development Script\DevCopyBatchFiles2DebugReleaseDirs.cmd = Development Script\DevCopyBatchFiles2DebugReleaseDirs.cmd
		Development Script\DevCopyEventsDLLDebugversion.cmd = Development Script\DevCopyEventsDLLDebugversion.cmd
		Development Script\DevCopyEventsDLLReleaseversion.cmd = Development Script\DevCopyEventsDLLReleaseversion.cmd
		Development Script\DevCopyTriggerDLLDebugversion.cmd = Development Script\DevCopyTriggerDLLDebugversion.cmd
		Development Script\DevCopyTriggerDLLReleaseversion.cmd = Development Script\DevCopyTriggerDLLReleaseversion.cmd
		Development Script\DevDefaultBubbligFiles2BubblingDirs.cmd = Development Script\DevDefaultBubbligFiles2BubblingDirs.cmd
		Development Script\DevDefaultConfigurationFile2DebugReleaseDirs.cmd = Development Script\DevDefaultConfigurationFile2DebugReleaseDirs.cmd
		Development Script\PrepareDeployPackage.cmd = Development Script\PrepareDeployPackage.cmd
		Development Script\PrepareDevEnvironment.cmd = Development Script\PrepareDevEnvironment.cmd
		Readme.txt = Readme.txt
	EndProjectSection
EndProject
Project("{2150E333-8FDC-42A3-9474-1A3956D46DE8}") = "Setup", "Setup", "{90D2C72F-4DCD-47E2-A834-406C616D0790}"
EndProject
Project("{2150E333-8FDC-42A3-9474-1A3956D46DE8}") = "License", "License", "{6D08C51F-3F8E-477D-AB3B-AC9E8C687C61}"
	ProjectSection(SolutionItems) = preProject
		License.txt = License.txt
	EndProjectSection
EndProject
Project("{2150E333-8FDC-42A3-9474-1A3956D46DE8}") = "Batch Files", "Batch Files", "{A81DA39C-325F-4B87-AF28-BA22F73630AC}"
	ProjectSection(SolutionItems) = preProject
		Batch Files\Create new Clone.cmd = Batch Files\Create new Clone.cmd
	EndProjectSection
EndProject
Project("{FAE04EC0-301F-11D3-BF4B-00C04F79EFBC}") = "GrabCaster.Framework.Log.EventHubs", "Framework.Log.EventHubs\GrabCaster.Framework.Log.EventHubs.csproj", "{2A45237C-5AD6-46DB-9D58-B66A604C4874}"
EndProject
Project("{930C7802-8A8C-48F9-8165-68863BCCD9DD}") = "GrabCaster.Setup", "Setup\GrabCaster.Setup.wixproj", "{87FA5D66-EE9F-4200-AD36-16E53CFF5A00}"
EndProject
Project("{FAE04EC0-301F-11D3-BF4B-00C04F79EFBC}") = "GrabCaster.Framework.Log", "Framework.Log\GrabCaster.Framework.Log.csproj", "{3E75B5A3-29CD-495C-AE60-3A4991F39BF8}"
EndProject
Project("{2150E333-8FDC-42A3-9474-1A3956D46DE8}") = "Documentation", "Documentation", "{31589D08-C670-48BA-94B5-9300DE84BEEE}"
	ProjectSection(SolutionItems) = preProject
		Documentation\GrabCaster v1.0- Technical Manual.docx = Documentation\GrabCaster v1.0- Technical Manual.docx
	EndProjectSection
EndProject
Project("{FAE04EC0-301F-11D3-BF4B-00C04F79EFBC}") = "GrabCaster.SDK.ChatTrigger", "Triggers\ChatTrigger\GrabCaster.SDK.ChatTrigger.csproj", "{4AD31E16-4857-4015-84AF-E1FC51B1F718}"
EndProject
Project("{FAE04EC0-301F-11D3-BF4B-00C04F79EFBC}") = "GrabCaster.SDK.ChatEvent", "Events\ChatEvent\GrabCaster.SDK.ChatEvent.csproj", "{B76D16C5-4924-4E53-B273-84147543B365}"
EndProject
Project("{2150E333-8FDC-42A3-9474-1A3956D46DE8}") = "SDK", "SDK", "{BE223403-A736-4B78-96D2-C64A4D1D3830}"
EndProject
Project("{FAE04EC0-301F-11D3-BF4B-00C04F79EFBC}") = "GrabCaster.Laboratory", "Laboratory\GrabCaster.Laboratory.csproj", "{D31CDBDC-75F7-4D0C-A258-F448200B025E}"
EndProject
Project("{FAE04EC0-301F-11D3-BF4B-00C04F79EFBC}") = "GrabCaster.Framework.Dcp.Azure", "Framework.Dcp.Azure\GrabCaster.Framework.Dcp.Azure.csproj", "{057070DE-506E-4F47-B6C1-1526B8D05C9E}"
EndProject
Global
	GlobalSection(SolutionConfigurationPlatforms) = preSolution
		Debug|Any CPU = Debug|Any CPU
		Debug|x86 = Debug|x86
		Release|Any CPU = Release|Any CPU
		Release|x86 = Release|x86
	EndGlobalSection
	GlobalSection(ProjectConfigurationPlatforms) = postSolution
		{5C90B335-47A3-4ADE-8B30-3AA286976A27}.Debug|Any CPU.ActiveCfg = Debug|Any CPU
		{5C90B335-47A3-4ADE-8B30-3AA286976A27}.Debug|Any CPU.Build.0 = Debug|Any CPU
		{5C90B335-47A3-4ADE-8B30-3AA286976A27}.Debug|x86.ActiveCfg = Debug|Any CPU
		{5C90B335-47A3-4ADE-8B30-3AA286976A27}.Debug|x86.Build.0 = Debug|Any CPU
		{5C90B335-47A3-4ADE-8B30-3AA286976A27}.Release|Any CPU.ActiveCfg = Release|Any CPU
		{5C90B335-47A3-4ADE-8B30-3AA286976A27}.Release|Any CPU.Build.0 = Release|Any CPU
		{5C90B335-47A3-4ADE-8B30-3AA286976A27}.Release|x86.ActiveCfg = Release|Any CPU
		{5C90B335-47A3-4ADE-8B30-3AA286976A27}.Release|x86.Build.0 = Release|Any CPU
		{14BA110C-7065-4099-BDE5-313F984B913D}.Debug|Any CPU.ActiveCfg = Debug|Any CPU
		{14BA110C-7065-4099-BDE5-313F984B913D}.Debug|Any CPU.Build.0 = Debug|Any CPU
		{14BA110C-7065-4099-BDE5-313F984B913D}.Debug|x86.ActiveCfg = Debug|Any CPU
		{14BA110C-7065-4099-BDE5-313F984B913D}.Debug|x86.Build.0 = Debug|Any CPU
		{14BA110C-7065-4099-BDE5-313F984B913D}.Release|Any CPU.ActiveCfg = Release|Any CPU
		{14BA110C-7065-4099-BDE5-313F984B913D}.Release|Any CPU.Build.0 = Release|Any CPU
		{14BA110C-7065-4099-BDE5-313F984B913D}.Release|x86.ActiveCfg = Release|Any CPU
		{14BA110C-7065-4099-BDE5-313F984B913D}.Release|x86.Build.0 = Release|Any CPU
		{48B1DC31-F74D-41D2-AA27-7A76F2E198B6}.Debug|Any CPU.ActiveCfg = Debug|Any CPU
		{48B1DC31-F74D-41D2-AA27-7A76F2E198B6}.Debug|Any CPU.Build.0 = Debug|Any CPU
		{48B1DC31-F74D-41D2-AA27-7A76F2E198B6}.Debug|x86.ActiveCfg = Debug|Any CPU
		{48B1DC31-F74D-41D2-AA27-7A76F2E198B6}.Debug|x86.Build.0 = Debug|Any CPU
		{48B1DC31-F74D-41D2-AA27-7A76F2E198B6}.Release|Any CPU.ActiveCfg = Release|Any CPU
		{48B1DC31-F74D-41D2-AA27-7A76F2E198B6}.Release|Any CPU.Build.0 = Release|Any CPU
		{48B1DC31-F74D-41D2-AA27-7A76F2E198B6}.Release|x86.ActiveCfg = Release|Any CPU
		{48B1DC31-F74D-41D2-AA27-7A76F2E198B6}.Release|x86.Build.0 = Release|Any CPU
		{8AE36B4B-E58D-4F4B-966E-76E36F7030F0}.Debug|Any CPU.ActiveCfg = Debug|Any CPU
		{8AE36B4B-E58D-4F4B-966E-76E36F7030F0}.Debug|Any CPU.Build.0 = Debug|Any CPU
		{8AE36B4B-E58D-4F4B-966E-76E36F7030F0}.Debug|x86.ActiveCfg = Debug|Any CPU
		{8AE36B4B-E58D-4F4B-966E-76E36F7030F0}.Debug|x86.Build.0 = Debug|Any CPU
		{8AE36B4B-E58D-4F4B-966E-76E36F7030F0}.Release|Any CPU.ActiveCfg = Release|Any CPU
		{8AE36B4B-E58D-4F4B-966E-76E36F7030F0}.Release|Any CPU.Build.0 = Release|Any CPU
		{8AE36B4B-E58D-4F4B-966E-76E36F7030F0}.Release|x86.ActiveCfg = Release|Any CPU
		{8AE36B4B-E58D-4F4B-966E-76E36F7030F0}.Release|x86.Build.0 = Release|Any CPU
		{FD7A04A2-CD9E-433B-8587-C6FA79092B35}.Debug|Any CPU.ActiveCfg = Debug|Any CPU
		{FD7A04A2-CD9E-433B-8587-C6FA79092B35}.Debug|Any CPU.Build.0 = Debug|Any CPU
		{FD7A04A2-CD9E-433B-8587-C6FA79092B35}.Debug|x86.ActiveCfg = Debug|Any CPU
		{FD7A04A2-CD9E-433B-8587-C6FA79092B35}.Debug|x86.Build.0 = Debug|Any CPU
		{FD7A04A2-CD9E-433B-8587-C6FA79092B35}.Release|Any CPU.ActiveCfg = Release|Any CPU
		{FD7A04A2-CD9E-433B-8587-C6FA79092B35}.Release|Any CPU.Build.0 = Release|Any CPU
		{FD7A04A2-CD9E-433B-8587-C6FA79092B35}.Release|x86.ActiveCfg = Release|Any CPU
		{FD7A04A2-CD9E-433B-8587-C6FA79092B35}.Release|x86.Build.0 = Release|Any CPU
		{81B0014C-CA15-4F0E-958B-B4A1FB0854AB}.Debug|Any CPU.ActiveCfg = Debug|Any CPU
		{81B0014C-CA15-4F0E-958B-B4A1FB0854AB}.Debug|Any CPU.Build.0 = Debug|Any CPU
		{81B0014C-CA15-4F0E-958B-B4A1FB0854AB}.Debug|x86.ActiveCfg = Debug|Any CPU
		{81B0014C-CA15-4F0E-958B-B4A1FB0854AB}.Debug|x86.Build.0 = Debug|Any CPU
		{81B0014C-CA15-4F0E-958B-B4A1FB0854AB}.Release|Any CPU.ActiveCfg = Release|Any CPU
		{81B0014C-CA15-4F0E-958B-B4A1FB0854AB}.Release|Any CPU.Build.0 = Release|Any CPU
		{81B0014C-CA15-4F0E-958B-B4A1FB0854AB}.Release|x86.ActiveCfg = Release|Any CPU
		{81B0014C-CA15-4F0E-958B-B4A1FB0854AB}.Release|x86.Build.0 = Release|Any CPU
		{D046B7EF-B8A1-47FA-A985-E1E2EF1454B4}.Debug|Any CPU.ActiveCfg = Debug|Any CPU
		{D046B7EF-B8A1-47FA-A985-E1E2EF1454B4}.Debug|Any CPU.Build.0 = Debug|Any CPU
		{D046B7EF-B8A1-47FA-A985-E1E2EF1454B4}.Debug|x86.ActiveCfg = Debug|Any CPU
		{D046B7EF-B8A1-47FA-A985-E1E2EF1454B4}.Debug|x86.Build.0 = Debug|Any CPU
		{D046B7EF-B8A1-47FA-A985-E1E2EF1454B4}.Release|Any CPU.ActiveCfg = Release|Any CPU
		{D046B7EF-B8A1-47FA-A985-E1E2EF1454B4}.Release|Any CPU.Build.0 = Release|Any CPU
		{D046B7EF-B8A1-47FA-A985-E1E2EF1454B4}.Release|x86.ActiveCfg = Release|Any CPU
		{D046B7EF-B8A1-47FA-A985-E1E2EF1454B4}.Release|x86.Build.0 = Release|Any CPU
		{8CD4E3E1-5BC7-4EC7-8107-A1DA81F0AD43}.Debug|Any CPU.ActiveCfg = Debug|Any CPU
		{8CD4E3E1-5BC7-4EC7-8107-A1DA81F0AD43}.Debug|Any CPU.Build.0 = Debug|Any CPU
		{8CD4E3E1-5BC7-4EC7-8107-A1DA81F0AD43}.Debug|x86.ActiveCfg = Debug|Any CPU
		{8CD4E3E1-5BC7-4EC7-8107-A1DA81F0AD43}.Debug|x86.Build.0 = Debug|Any CPU
		{8CD4E3E1-5BC7-4EC7-8107-A1DA81F0AD43}.Release|Any CPU.ActiveCfg = Release|Any CPU
		{8CD4E3E1-5BC7-4EC7-8107-A1DA81F0AD43}.Release|Any CPU.Build.0 = Release|Any CPU
		{8CD4E3E1-5BC7-4EC7-8107-A1DA81F0AD43}.Release|x86.ActiveCfg = Release|Any CPU
		{8CD4E3E1-5BC7-4EC7-8107-A1DA81F0AD43}.Release|x86.Build.0 = Release|Any CPU
		{519B1281-3F67-4723-919E-4738AEB8E139}.Debug|Any CPU.ActiveCfg = Debug|Any CPU
		{519B1281-3F67-4723-919E-4738AEB8E139}.Debug|Any CPU.Build.0 = Debug|Any CPU
		{519B1281-3F67-4723-919E-4738AEB8E139}.Debug|x86.ActiveCfg = Debug|Any CPU
		{519B1281-3F67-4723-919E-4738AEB8E139}.Debug|x86.Build.0 = Debug|Any CPU
		{519B1281-3F67-4723-919E-4738AEB8E139}.Release|Any CPU.ActiveCfg = Release|Any CPU
		{519B1281-3F67-4723-919E-4738AEB8E139}.Release|Any CPU.Build.0 = Release|Any CPU
		{519B1281-3F67-4723-919E-4738AEB8E139}.Release|x86.ActiveCfg = Release|Any CPU
		{519B1281-3F67-4723-919E-4738AEB8E139}.Release|x86.Build.0 = Release|Any CPU
		{FDEA48AA-9BBC-406A-89A7-105234C719B4}.Debug|Any CPU.ActiveCfg = Debug|Any CPU
		{FDEA48AA-9BBC-406A-89A7-105234C719B4}.Debug|Any CPU.Build.0 = Debug|Any CPU
		{FDEA48AA-9BBC-406A-89A7-105234C719B4}.Debug|x86.ActiveCfg = Debug|Any CPU
		{FDEA48AA-9BBC-406A-89A7-105234C719B4}.Debug|x86.Build.0 = Debug|Any CPU
		{FDEA48AA-9BBC-406A-89A7-105234C719B4}.Release|Any CPU.ActiveCfg = Release|Any CPU
		{FDEA48AA-9BBC-406A-89A7-105234C719B4}.Release|Any CPU.Build.0 = Release|Any CPU
		{FDEA48AA-9BBC-406A-89A7-105234C719B4}.Release|x86.ActiveCfg = Release|Any CPU
		{FDEA48AA-9BBC-406A-89A7-105234C719B4}.Release|x86.Build.0 = Release|Any CPU
		{928AA092-5C55-4A2A-A81D-666D105E6D7C}.Debug|Any CPU.ActiveCfg = Debug|Any CPU
		{928AA092-5C55-4A2A-A81D-666D105E6D7C}.Debug|Any CPU.Build.0 = Debug|Any CPU
		{928AA092-5C55-4A2A-A81D-666D105E6D7C}.Debug|x86.ActiveCfg = Debug|Any CPU
		{928AA092-5C55-4A2A-A81D-666D105E6D7C}.Debug|x86.Build.0 = Debug|Any CPU
		{928AA092-5C55-4A2A-A81D-666D105E6D7C}.Release|Any CPU.ActiveCfg = Release|Any CPU
		{928AA092-5C55-4A2A-A81D-666D105E6D7C}.Release|Any CPU.Build.0 = Release|Any CPU
		{928AA092-5C55-4A2A-A81D-666D105E6D7C}.Release|x86.ActiveCfg = Release|Any CPU
		{928AA092-5C55-4A2A-A81D-666D105E6D7C}.Release|x86.Build.0 = Release|Any CPU
		{72BAC541-AEEA-436E-A8BE-2BC233CC3970}.Debug|Any CPU.ActiveCfg = Debug|Any CPU
		{72BAC541-AEEA-436E-A8BE-2BC233CC3970}.Debug|Any CPU.Build.0 = Debug|Any CPU
		{72BAC541-AEEA-436E-A8BE-2BC233CC3970}.Debug|x86.ActiveCfg = Debug|Any CPU
		{72BAC541-AEEA-436E-A8BE-2BC233CC3970}.Debug|x86.Build.0 = Debug|Any CPU
		{72BAC541-AEEA-436E-A8BE-2BC233CC3970}.Release|Any CPU.ActiveCfg = Release|Any CPU
		{72BAC541-AEEA-436E-A8BE-2BC233CC3970}.Release|Any CPU.Build.0 = Release|Any CPU
		{72BAC541-AEEA-436E-A8BE-2BC233CC3970}.Release|x86.ActiveCfg = Release|Any CPU
		{72BAC541-AEEA-436E-A8BE-2BC233CC3970}.Release|x86.Build.0 = Release|Any CPU
		{963E5489-5AE4-41B9-A11F-18B0E6E85C52}.Debug|Any CPU.ActiveCfg = Debug|Any CPU
		{963E5489-5AE4-41B9-A11F-18B0E6E85C52}.Debug|Any CPU.Build.0 = Debug|Any CPU
		{963E5489-5AE4-41B9-A11F-18B0E6E85C52}.Debug|x86.ActiveCfg = Debug|Any CPU
		{963E5489-5AE4-41B9-A11F-18B0E6E85C52}.Debug|x86.Build.0 = Debug|Any CPU
		{963E5489-5AE4-41B9-A11F-18B0E6E85C52}.Release|Any CPU.ActiveCfg = Release|Any CPU
		{963E5489-5AE4-41B9-A11F-18B0E6E85C52}.Release|Any CPU.Build.0 = Release|Any CPU
		{963E5489-5AE4-41B9-A11F-18B0E6E85C52}.Release|x86.ActiveCfg = Release|Any CPU
		{963E5489-5AE4-41B9-A11F-18B0E6E85C52}.Release|x86.Build.0 = Release|Any CPU
		{678C2BA6-3283-48DA-A281-239A5A0A4085}.Debug|Any CPU.ActiveCfg = Debug|Any CPU
		{678C2BA6-3283-48DA-A281-239A5A0A4085}.Debug|Any CPU.Build.0 = Debug|Any CPU
		{678C2BA6-3283-48DA-A281-239A5A0A4085}.Debug|x86.ActiveCfg = Debug|Any CPU
		{678C2BA6-3283-48DA-A281-239A5A0A4085}.Debug|x86.Build.0 = Debug|Any CPU
		{678C2BA6-3283-48DA-A281-239A5A0A4085}.Release|Any CPU.ActiveCfg = Release|Any CPU
		{678C2BA6-3283-48DA-A281-239A5A0A4085}.Release|Any CPU.Build.0 = Release|Any CPU
		{678C2BA6-3283-48DA-A281-239A5A0A4085}.Release|x86.ActiveCfg = Release|Any CPU
		{678C2BA6-3283-48DA-A281-239A5A0A4085}.Release|x86.Build.0 = Release|Any CPU
		{530718A0-0ED4-456C-968D-5A60933AE7A0}.Debug|Any CPU.ActiveCfg = Debug|Any CPU
		{530718A0-0ED4-456C-968D-5A60933AE7A0}.Debug|Any CPU.Build.0 = Debug|Any CPU
		{530718A0-0ED4-456C-968D-5A60933AE7A0}.Debug|x86.ActiveCfg = Debug|Any CPU
		{530718A0-0ED4-456C-968D-5A60933AE7A0}.Debug|x86.Build.0 = Debug|Any CPU
		{530718A0-0ED4-456C-968D-5A60933AE7A0}.Release|Any CPU.ActiveCfg = Release|Any CPU
		{530718A0-0ED4-456C-968D-5A60933AE7A0}.Release|Any CPU.Build.0 = Release|Any CPU
		{530718A0-0ED4-456C-968D-5A60933AE7A0}.Release|x86.ActiveCfg = Release|Any CPU
		{530718A0-0ED4-456C-968D-5A60933AE7A0}.Release|x86.Build.0 = Release|Any CPU
		{2B784344-7969-4274-BE97-079C5F5360E2}.Debug|Any CPU.ActiveCfg = Debug|Any CPU
		{2B784344-7969-4274-BE97-079C5F5360E2}.Debug|Any CPU.Build.0 = Debug|Any CPU
		{2B784344-7969-4274-BE97-079C5F5360E2}.Debug|x86.ActiveCfg = Debug|Any CPU
		{2B784344-7969-4274-BE97-079C5F5360E2}.Debug|x86.Build.0 = Debug|Any CPU
		{2B784344-7969-4274-BE97-079C5F5360E2}.Release|Any CPU.ActiveCfg = Release|Any CPU
		{2B784344-7969-4274-BE97-079C5F5360E2}.Release|Any CPU.Build.0 = Release|Any CPU
		{2B784344-7969-4274-BE97-079C5F5360E2}.Release|x86.ActiveCfg = Release|Any CPU
		{2B784344-7969-4274-BE97-079C5F5360E2}.Release|x86.Build.0 = Release|Any CPU
		{4EDDA24D-DC45-4E2B-B6E8-1DB2BFD78F07}.Debug|Any CPU.ActiveCfg = Debug|Any CPU
		{4EDDA24D-DC45-4E2B-B6E8-1DB2BFD78F07}.Debug|Any CPU.Build.0 = Debug|Any CPU
		{4EDDA24D-DC45-4E2B-B6E8-1DB2BFD78F07}.Debug|x86.ActiveCfg = Debug|Any CPU
		{4EDDA24D-DC45-4E2B-B6E8-1DB2BFD78F07}.Debug|x86.Build.0 = Debug|Any CPU
		{4EDDA24D-DC45-4E2B-B6E8-1DB2BFD78F07}.Release|Any CPU.ActiveCfg = Release|Any CPU
		{4EDDA24D-DC45-4E2B-B6E8-1DB2BFD78F07}.Release|Any CPU.Build.0 = Release|Any CPU
		{4EDDA24D-DC45-4E2B-B6E8-1DB2BFD78F07}.Release|x86.ActiveCfg = Release|Any CPU
		{4EDDA24D-DC45-4E2B-B6E8-1DB2BFD78F07}.Release|x86.Build.0 = Release|Any CPU
		{BFCDAEF5-83A3-4961-B251-9D2157681367}.Debug|Any CPU.ActiveCfg = Debug|Any CPU
		{BFCDAEF5-83A3-4961-B251-9D2157681367}.Debug|Any CPU.Build.0 = Debug|Any CPU
		{BFCDAEF5-83A3-4961-B251-9D2157681367}.Debug|x86.ActiveCfg = Debug|Any CPU
		{BFCDAEF5-83A3-4961-B251-9D2157681367}.Debug|x86.Build.0 = Debug|Any CPU
		{BFCDAEF5-83A3-4961-B251-9D2157681367}.Release|Any CPU.ActiveCfg = Release|Any CPU
		{BFCDAEF5-83A3-4961-B251-9D2157681367}.Release|Any CPU.Build.0 = Release|Any CPU
		{BFCDAEF5-83A3-4961-B251-9D2157681367}.Release|x86.ActiveCfg = Release|Any CPU
		{BFCDAEF5-83A3-4961-B251-9D2157681367}.Release|x86.Build.0 = Release|Any CPU
		{C0356162-07D7-4569-AEDA-5D04295F3F7A}.Debug|Any CPU.ActiveCfg = Debug|Any CPU
		{C0356162-07D7-4569-AEDA-5D04295F3F7A}.Debug|Any CPU.Build.0 = Debug|Any CPU
		{C0356162-07D7-4569-AEDA-5D04295F3F7A}.Debug|x86.ActiveCfg = Debug|Any CPU
		{C0356162-07D7-4569-AEDA-5D04295F3F7A}.Debug|x86.Build.0 = Debug|Any CPU
		{C0356162-07D7-4569-AEDA-5D04295F3F7A}.Release|Any CPU.ActiveCfg = Release|Any CPU
		{C0356162-07D7-4569-AEDA-5D04295F3F7A}.Release|Any CPU.Build.0 = Release|Any CPU
		{C0356162-07D7-4569-AEDA-5D04295F3F7A}.Release|x86.ActiveCfg = Release|Any CPU
		{C0356162-07D7-4569-AEDA-5D04295F3F7A}.Release|x86.Build.0 = Release|Any CPU
		{7FC0D75D-CF8A-4A47-9A1B-9721C237A124}.Debug|Any CPU.ActiveCfg = Debug|Any CPU
		{7FC0D75D-CF8A-4A47-9A1B-9721C237A124}.Debug|Any CPU.Build.0 = Debug|Any CPU
		{7FC0D75D-CF8A-4A47-9A1B-9721C237A124}.Debug|x86.ActiveCfg = Debug|Any CPU
		{7FC0D75D-CF8A-4A47-9A1B-9721C237A124}.Debug|x86.Build.0 = Debug|Any CPU
		{7FC0D75D-CF8A-4A47-9A1B-9721C237A124}.Release|Any CPU.ActiveCfg = Release|Any CPU
		{7FC0D75D-CF8A-4A47-9A1B-9721C237A124}.Release|Any CPU.Build.0 = Release|Any CPU
		{7FC0D75D-CF8A-4A47-9A1B-9721C237A124}.Release|x86.ActiveCfg = Release|Any CPU
		{7FC0D75D-CF8A-4A47-9A1B-9721C237A124}.Release|x86.Build.0 = Release|Any CPU
		{2EC74913-B9FA-421E-8B1E-37F42442F368}.Debug|Any CPU.ActiveCfg = Debug|Any CPU
		{2EC74913-B9FA-421E-8B1E-37F42442F368}.Debug|Any CPU.Build.0 = Debug|Any CPU
		{2EC74913-B9FA-421E-8B1E-37F42442F368}.Debug|x86.ActiveCfg = Debug|Any CPU
		{2EC74913-B9FA-421E-8B1E-37F42442F368}.Debug|x86.Build.0 = Debug|Any CPU
		{2EC74913-B9FA-421E-8B1E-37F42442F368}.Release|Any CPU.ActiveCfg = Release|Any CPU
		{2EC74913-B9FA-421E-8B1E-37F42442F368}.Release|Any CPU.Build.0 = Release|Any CPU
		{2EC74913-B9FA-421E-8B1E-37F42442F368}.Release|x86.ActiveCfg = Release|Any CPU
		{2EC74913-B9FA-421E-8B1E-37F42442F368}.Release|x86.Build.0 = Release|Any CPU
		{39B25B3F-B31C-4767-BCE3-246BF9A223BB}.Debug|Any CPU.ActiveCfg = Debug|Any CPU
		{39B25B3F-B31C-4767-BCE3-246BF9A223BB}.Debug|Any CPU.Build.0 = Debug|Any CPU
		{39B25B3F-B31C-4767-BCE3-246BF9A223BB}.Debug|x86.ActiveCfg = Debug|Any CPU
		{39B25B3F-B31C-4767-BCE3-246BF9A223BB}.Debug|x86.Build.0 = Debug|Any CPU
		{39B25B3F-B31C-4767-BCE3-246BF9A223BB}.Release|Any CPU.ActiveCfg = Release|Any CPU
		{39B25B3F-B31C-4767-BCE3-246BF9A223BB}.Release|Any CPU.Build.0 = Release|Any CPU
		{39B25B3F-B31C-4767-BCE3-246BF9A223BB}.Release|x86.ActiveCfg = Release|Any CPU
		{39B25B3F-B31C-4767-BCE3-246BF9A223BB}.Release|x86.Build.0 = Release|Any CPU
		{0CC65516-E9A6-4516-829C-8EA6369AC962}.Debug|Any CPU.ActiveCfg = Debug|Any CPU
		{0CC65516-E9A6-4516-829C-8EA6369AC962}.Debug|Any CPU.Build.0 = Debug|Any CPU
		{0CC65516-E9A6-4516-829C-8EA6369AC962}.Debug|x86.ActiveCfg = Debug|Any CPU
		{0CC65516-E9A6-4516-829C-8EA6369AC962}.Debug|x86.Build.0 = Debug|Any CPU
		{0CC65516-E9A6-4516-829C-8EA6369AC962}.Release|Any CPU.ActiveCfg = Release|Any CPU
		{0CC65516-E9A6-4516-829C-8EA6369AC962}.Release|Any CPU.Build.0 = Release|Any CPU
		{0CC65516-E9A6-4516-829C-8EA6369AC962}.Release|x86.ActiveCfg = Release|Any CPU
		{0CC65516-E9A6-4516-829C-8EA6369AC962}.Release|x86.Build.0 = Release|Any CPU
		{884F4897-D442-45E1-993C-28DB19B1CBA4}.Debug|Any CPU.ActiveCfg = Debug|Any CPU
		{884F4897-D442-45E1-993C-28DB19B1CBA4}.Debug|Any CPU.Build.0 = Debug|Any CPU
		{884F4897-D442-45E1-993C-28DB19B1CBA4}.Debug|x86.ActiveCfg = Debug|Any CPU
		{884F4897-D442-45E1-993C-28DB19B1CBA4}.Debug|x86.Build.0 = Debug|Any CPU
		{884F4897-D442-45E1-993C-28DB19B1CBA4}.Release|Any CPU.ActiveCfg = Release|Any CPU
		{884F4897-D442-45E1-993C-28DB19B1CBA4}.Release|Any CPU.Build.0 = Release|Any CPU
		{884F4897-D442-45E1-993C-28DB19B1CBA4}.Release|x86.ActiveCfg = Release|Any CPU
		{884F4897-D442-45E1-993C-28DB19B1CBA4}.Release|x86.Build.0 = Release|Any CPU
		{39D23574-E6A1-4E0E-A7DD-E2FF150826F5}.Debug|Any CPU.ActiveCfg = Debug|Any CPU
		{39D23574-E6A1-4E0E-A7DD-E2FF150826F5}.Debug|Any CPU.Build.0 = Debug|Any CPU
		{39D23574-E6A1-4E0E-A7DD-E2FF150826F5}.Debug|x86.ActiveCfg = Debug|Any CPU
		{39D23574-E6A1-4E0E-A7DD-E2FF150826F5}.Debug|x86.Build.0 = Debug|Any CPU
		{39D23574-E6A1-4E0E-A7DD-E2FF150826F5}.Release|Any CPU.ActiveCfg = Release|Any CPU
		{39D23574-E6A1-4E0E-A7DD-E2FF150826F5}.Release|Any CPU.Build.0 = Release|Any CPU
		{39D23574-E6A1-4E0E-A7DD-E2FF150826F5}.Release|x86.ActiveCfg = Release|Any CPU
		{39D23574-E6A1-4E0E-A7DD-E2FF150826F5}.Release|x86.Build.0 = Release|Any CPU
		{CBB033E7-5EA1-4D48-86B0-B111998CA711}.Debug|Any CPU.ActiveCfg = Debug|Any CPU
		{CBB033E7-5EA1-4D48-86B0-B111998CA711}.Debug|Any CPU.Build.0 = Debug|Any CPU
		{CBB033E7-5EA1-4D48-86B0-B111998CA711}.Debug|x86.ActiveCfg = Debug|Any CPU
		{CBB033E7-5EA1-4D48-86B0-B111998CA711}.Debug|x86.Build.0 = Debug|Any CPU
		{CBB033E7-5EA1-4D48-86B0-B111998CA711}.Release|Any CPU.ActiveCfg = Release|Any CPU
		{CBB033E7-5EA1-4D48-86B0-B111998CA711}.Release|Any CPU.Build.0 = Release|Any CPU
		{CBB033E7-5EA1-4D48-86B0-B111998CA711}.Release|x86.ActiveCfg = Release|Any CPU
		{CBB033E7-5EA1-4D48-86B0-B111998CA711}.Release|x86.Build.0 = Release|Any CPU
		{F10B069C-8C2D-4EF6-B196-98AD8F712959}.Debug|Any CPU.ActiveCfg = Debug|Any CPU
		{F10B069C-8C2D-4EF6-B196-98AD8F712959}.Debug|Any CPU.Build.0 = Debug|Any CPU
		{F10B069C-8C2D-4EF6-B196-98AD8F712959}.Debug|x86.ActiveCfg = Debug|Any CPU
		{F10B069C-8C2D-4EF6-B196-98AD8F712959}.Debug|x86.Build.0 = Debug|Any CPU
		{F10B069C-8C2D-4EF6-B196-98AD8F712959}.Release|Any CPU.ActiveCfg = Release|Any CPU
		{F10B069C-8C2D-4EF6-B196-98AD8F712959}.Release|Any CPU.Build.0 = Release|Any CPU
		{F10B069C-8C2D-4EF6-B196-98AD8F712959}.Release|x86.ActiveCfg = Release|Any CPU
		{F10B069C-8C2D-4EF6-B196-98AD8F712959}.Release|x86.Build.0 = Release|Any CPU
		{1C25FA46-E6CC-4D58-A89C-221C7185EE65}.Debug|Any CPU.ActiveCfg = Debug|Any CPU
		{1C25FA46-E6CC-4D58-A89C-221C7185EE65}.Debug|Any CPU.Build.0 = Debug|Any CPU
		{1C25FA46-E6CC-4D58-A89C-221C7185EE65}.Debug|x86.ActiveCfg = Debug|Any CPU
		{1C25FA46-E6CC-4D58-A89C-221C7185EE65}.Debug|x86.Build.0 = Debug|Any CPU
		{1C25FA46-E6CC-4D58-A89C-221C7185EE65}.Release|Any CPU.ActiveCfg = Release|Any CPU
		{1C25FA46-E6CC-4D58-A89C-221C7185EE65}.Release|Any CPU.Build.0 = Release|Any CPU
		{1C25FA46-E6CC-4D58-A89C-221C7185EE65}.Release|x86.ActiveCfg = Release|Any CPU
		{1C25FA46-E6CC-4D58-A89C-221C7185EE65}.Release|x86.Build.0 = Release|Any CPU
		{94DA84F7-5E3E-4F1E-A183-07611FD6E302}.Debug|Any CPU.ActiveCfg = Debug|Any CPU
		{94DA84F7-5E3E-4F1E-A183-07611FD6E302}.Debug|Any CPU.Build.0 = Debug|Any CPU
		{94DA84F7-5E3E-4F1E-A183-07611FD6E302}.Debug|x86.ActiveCfg = Debug|Any CPU
		{94DA84F7-5E3E-4F1E-A183-07611FD6E302}.Debug|x86.Build.0 = Debug|Any CPU
		{94DA84F7-5E3E-4F1E-A183-07611FD6E302}.Release|Any CPU.ActiveCfg = Release|Any CPU
		{94DA84F7-5E3E-4F1E-A183-07611FD6E302}.Release|Any CPU.Build.0 = Release|Any CPU
		{94DA84F7-5E3E-4F1E-A183-07611FD6E302}.Release|x86.ActiveCfg = Release|Any CPU
		{94DA84F7-5E3E-4F1E-A183-07611FD6E302}.Release|x86.Build.0 = Release|Any CPU
		{893F7DCF-98C1-45D1-9154-1A5A361D4ECA}.Debug|Any CPU.ActiveCfg = Debug|Any CPU
		{893F7DCF-98C1-45D1-9154-1A5A361D4ECA}.Debug|Any CPU.Build.0 = Debug|Any CPU
		{893F7DCF-98C1-45D1-9154-1A5A361D4ECA}.Debug|x86.ActiveCfg = Debug|Any CPU
		{893F7DCF-98C1-45D1-9154-1A5A361D4ECA}.Debug|x86.Build.0 = Debug|Any CPU
		{893F7DCF-98C1-45D1-9154-1A5A361D4ECA}.Release|Any CPU.ActiveCfg = Release|Any CPU
		{893F7DCF-98C1-45D1-9154-1A5A361D4ECA}.Release|Any CPU.Build.0 = Release|Any CPU
		{893F7DCF-98C1-45D1-9154-1A5A361D4ECA}.Release|x86.ActiveCfg = Release|Any CPU
		{893F7DCF-98C1-45D1-9154-1A5A361D4ECA}.Release|x86.Build.0 = Release|Any CPU
		{CF8282B8-4B29-4A41-8DBC-51A2FC45D223}.Debug|Any CPU.ActiveCfg = Debug|Any CPU
		{CF8282B8-4B29-4A41-8DBC-51A2FC45D223}.Debug|Any CPU.Build.0 = Debug|Any CPU
		{CF8282B8-4B29-4A41-8DBC-51A2FC45D223}.Debug|x86.ActiveCfg = Debug|Any CPU
		{CF8282B8-4B29-4A41-8DBC-51A2FC45D223}.Debug|x86.Build.0 = Debug|Any CPU
		{CF8282B8-4B29-4A41-8DBC-51A2FC45D223}.Release|Any CPU.ActiveCfg = Release|Any CPU
		{CF8282B8-4B29-4A41-8DBC-51A2FC45D223}.Release|Any CPU.Build.0 = Release|Any CPU
		{CF8282B8-4B29-4A41-8DBC-51A2FC45D223}.Release|x86.ActiveCfg = Release|Any CPU
		{CF8282B8-4B29-4A41-8DBC-51A2FC45D223}.Release|x86.Build.0 = Release|Any CPU
		{AFEE871C-778B-4A26-9609-609D922D9653}.Debug|Any CPU.ActiveCfg = Debug|Any CPU
		{AFEE871C-778B-4A26-9609-609D922D9653}.Debug|Any CPU.Build.0 = Debug|Any CPU
		{AFEE871C-778B-4A26-9609-609D922D9653}.Debug|x86.ActiveCfg = Debug|Any CPU
		{AFEE871C-778B-4A26-9609-609D922D9653}.Debug|x86.Build.0 = Debug|Any CPU
		{AFEE871C-778B-4A26-9609-609D922D9653}.Release|Any CPU.ActiveCfg = Release|Any CPU
		{AFEE871C-778B-4A26-9609-609D922D9653}.Release|Any CPU.Build.0 = Release|Any CPU
		{AFEE871C-778B-4A26-9609-609D922D9653}.Release|x86.ActiveCfg = Release|Any CPU
		{AFEE871C-778B-4A26-9609-609D922D9653}.Release|x86.Build.0 = Release|Any CPU
		{AC98C92E-9D9B-4B31-9FE3-7980C856C2F7}.Debug|Any CPU.ActiveCfg = Debug|Any CPU
		{AC98C92E-9D9B-4B31-9FE3-7980C856C2F7}.Debug|Any CPU.Build.0 = Debug|Any CPU
		{AC98C92E-9D9B-4B31-9FE3-7980C856C2F7}.Debug|x86.ActiveCfg = Debug|Any CPU
		{AC98C92E-9D9B-4B31-9FE3-7980C856C2F7}.Debug|x86.Build.0 = Debug|Any CPU
		{AC98C92E-9D9B-4B31-9FE3-7980C856C2F7}.Release|Any CPU.ActiveCfg = Release|Any CPU
		{AC98C92E-9D9B-4B31-9FE3-7980C856C2F7}.Release|Any CPU.Build.0 = Release|Any CPU
		{AC98C92E-9D9B-4B31-9FE3-7980C856C2F7}.Release|x86.ActiveCfg = Release|Any CPU
		{AC98C92E-9D9B-4B31-9FE3-7980C856C2F7}.Release|x86.Build.0 = Release|Any CPU
		{2A45237C-5AD6-46DB-9D58-B66A604C4874}.Debug|Any CPU.ActiveCfg = Debug|Any CPU
		{2A45237C-5AD6-46DB-9D58-B66A604C4874}.Debug|Any CPU.Build.0 = Debug|Any CPU
		{2A45237C-5AD6-46DB-9D58-B66A604C4874}.Debug|x86.ActiveCfg = Debug|Any CPU
		{2A45237C-5AD6-46DB-9D58-B66A604C4874}.Debug|x86.Build.0 = Debug|Any CPU
		{2A45237C-5AD6-46DB-9D58-B66A604C4874}.Release|Any CPU.ActiveCfg = Release|Any CPU
		{2A45237C-5AD6-46DB-9D58-B66A604C4874}.Release|Any CPU.Build.0 = Release|Any CPU
		{2A45237C-5AD6-46DB-9D58-B66A604C4874}.Release|x86.ActiveCfg = Release|Any CPU
		{2A45237C-5AD6-46DB-9D58-B66A604C4874}.Release|x86.Build.0 = Release|Any CPU
		{87FA5D66-EE9F-4200-AD36-16E53CFF5A00}.Debug|Any CPU.ActiveCfg = Debug|x86
		{87FA5D66-EE9F-4200-AD36-16E53CFF5A00}.Debug|x86.ActiveCfg = Debug|x86
		{87FA5D66-EE9F-4200-AD36-16E53CFF5A00}.Debug|x86.Build.0 = Debug|x86
		{87FA5D66-EE9F-4200-AD36-16E53CFF5A00}.Release|Any CPU.ActiveCfg = Release|x86
		{87FA5D66-EE9F-4200-AD36-16E53CFF5A00}.Release|x86.ActiveCfg = Release|x86
		{87FA5D66-EE9F-4200-AD36-16E53CFF5A00}.Release|x86.Build.0 = Release|x86
		{3E75B5A3-29CD-495C-AE60-3A4991F39BF8}.Debug|Any CPU.ActiveCfg = Debug|Any CPU
		{3E75B5A3-29CD-495C-AE60-3A4991F39BF8}.Debug|Any CPU.Build.0 = Debug|Any CPU
		{3E75B5A3-29CD-495C-AE60-3A4991F39BF8}.Debug|x86.ActiveCfg = Debug|Any CPU
		{3E75B5A3-29CD-495C-AE60-3A4991F39BF8}.Debug|x86.Build.0 = Debug|Any CPU
		{3E75B5A3-29CD-495C-AE60-3A4991F39BF8}.Release|Any CPU.ActiveCfg = Release|Any CPU
		{3E75B5A3-29CD-495C-AE60-3A4991F39BF8}.Release|Any CPU.Build.0 = Release|Any CPU
		{3E75B5A3-29CD-495C-AE60-3A4991F39BF8}.Release|x86.ActiveCfg = Release|Any CPU
		{3E75B5A3-29CD-495C-AE60-3A4991F39BF8}.Release|x86.Build.0 = Release|Any CPU
		{4AD31E16-4857-4015-84AF-E1FC51B1F718}.Debug|Any CPU.ActiveCfg = Debug|Any CPU
		{4AD31E16-4857-4015-84AF-E1FC51B1F718}.Debug|Any CPU.Build.0 = Debug|Any CPU
		{4AD31E16-4857-4015-84AF-E1FC51B1F718}.Debug|x86.ActiveCfg = Debug|Any CPU
		{4AD31E16-4857-4015-84AF-E1FC51B1F718}.Debug|x86.Build.0 = Debug|Any CPU
		{4AD31E16-4857-4015-84AF-E1FC51B1F718}.Release|Any CPU.ActiveCfg = Release|Any CPU
		{4AD31E16-4857-4015-84AF-E1FC51B1F718}.Release|Any CPU.Build.0 = Release|Any CPU
		{4AD31E16-4857-4015-84AF-E1FC51B1F718}.Release|x86.ActiveCfg = Release|Any CPU
		{4AD31E16-4857-4015-84AF-E1FC51B1F718}.Release|x86.Build.0 = Release|Any CPU
		{B76D16C5-4924-4E53-B273-84147543B365}.Debug|Any CPU.ActiveCfg = Debug|Any CPU
		{B76D16C5-4924-4E53-B273-84147543B365}.Debug|Any CPU.Build.0 = Debug|Any CPU
		{B76D16C5-4924-4E53-B273-84147543B365}.Debug|x86.ActiveCfg = Debug|Any CPU
		{B76D16C5-4924-4E53-B273-84147543B365}.Debug|x86.Build.0 = Debug|Any CPU
		{B76D16C5-4924-4E53-B273-84147543B365}.Release|Any CPU.ActiveCfg = Release|Any CPU
		{B76D16C5-4924-4E53-B273-84147543B365}.Release|Any CPU.Build.0 = Release|Any CPU
		{B76D16C5-4924-4E53-B273-84147543B365}.Release|x86.ActiveCfg = Release|Any CPU
		{B76D16C5-4924-4E53-B273-84147543B365}.Release|x86.Build.0 = Release|Any CPU
		{D31CDBDC-75F7-4D0C-A258-F448200B025E}.Debug|Any CPU.ActiveCfg = Debug|Any CPU
		{D31CDBDC-75F7-4D0C-A258-F448200B025E}.Debug|Any CPU.Build.0 = Debug|Any CPU
		{D31CDBDC-75F7-4D0C-A258-F448200B025E}.Debug|x86.ActiveCfg = Debug|Any CPU
		{D31CDBDC-75F7-4D0C-A258-F448200B025E}.Debug|x86.Build.0 = Debug|Any CPU
		{D31CDBDC-75F7-4D0C-A258-F448200B025E}.Release|Any CPU.ActiveCfg = Release|Any CPU
		{D31CDBDC-75F7-4D0C-A258-F448200B025E}.Release|Any CPU.Build.0 = Release|Any CPU
		{D31CDBDC-75F7-4D0C-A258-F448200B025E}.Release|x86.ActiveCfg = Release|Any CPU
		{D31CDBDC-75F7-4D0C-A258-F448200B025E}.Release|x86.Build.0 = Release|Any CPU
		{057070DE-506E-4F47-B6C1-1526B8D05C9E}.Debug|Any CPU.ActiveCfg = Debug|Any CPU
		{057070DE-506E-4F47-B6C1-1526B8D05C9E}.Debug|Any CPU.Build.0 = Debug|Any CPU
		{057070DE-506E-4F47-B6C1-1526B8D05C9E}.Debug|x86.ActiveCfg = Debug|Any CPU
		{057070DE-506E-4F47-B6C1-1526B8D05C9E}.Debug|x86.Build.0 = Debug|Any CPU
		{057070DE-506E-4F47-B6C1-1526B8D05C9E}.Release|Any CPU.ActiveCfg = Release|Any CPU
		{057070DE-506E-4F47-B6C1-1526B8D05C9E}.Release|Any CPU.Build.0 = Release|Any CPU
		{057070DE-506E-4F47-B6C1-1526B8D05C9E}.Release|x86.ActiveCfg = Release|Any CPU
		{057070DE-506E-4F47-B6C1-1526B8D05C9E}.Release|x86.Build.0 = Release|Any CPU
	EndGlobalSection
	GlobalSection(SolutionProperties) = preSolution
		HideSolutionNode = FALSE
	EndGlobalSection
	GlobalSection(NestedProjects) = preSolution
		{93BEE38A-3878-4B53-B4D7-AF27F17F3632} = {BE223403-A736-4B78-96D2-C64A4D1D3830}
		{8AE36B4B-E58D-4F4B-966E-76E36F7030F0} = {93BEE38A-3878-4B53-B4D7-AF27F17F3632}
		{FD7A04A2-CD9E-433B-8587-C6FA79092B35} = {93BEE38A-3878-4B53-B4D7-AF27F17F3632}
		{81B0014C-CA15-4F0E-958B-B4A1FB0854AB} = {93BEE38A-3878-4B53-B4D7-AF27F17F3632}
		{D046B7EF-B8A1-47FA-A985-E1E2EF1454B4} = {93BEE38A-3878-4B53-B4D7-AF27F17F3632}
		{8CD4E3E1-5BC7-4EC7-8107-A1DA81F0AD43} = {93BEE38A-3878-4B53-B4D7-AF27F17F3632}
		{519B1281-3F67-4723-919E-4738AEB8E139} = {93BEE38A-3878-4B53-B4D7-AF27F17F3632}
		{FDEA48AA-9BBC-406A-89A7-105234C719B4} = {93BEE38A-3878-4B53-B4D7-AF27F17F3632}
		{928AA092-5C55-4A2A-A81D-666D105E6D7C} = {93BEE38A-3878-4B53-B4D7-AF27F17F3632}
		{72BAC541-AEEA-436E-A8BE-2BC233CC3970} = {93BEE38A-3878-4B53-B4D7-AF27F17F3632}
		{963E5489-5AE4-41B9-A11F-18B0E6E85C52} = {93BEE38A-3878-4B53-B4D7-AF27F17F3632}
		{678C2BA6-3283-48DA-A281-239A5A0A4085} = {93BEE38A-3878-4B53-B4D7-AF27F17F3632}
		{530718A0-0ED4-456C-968D-5A60933AE7A0} = {93BEE38A-3878-4B53-B4D7-AF27F17F3632}
		{A2E7CCE3-2499-4928-8D5B-1E83C1EFE08F} = {BE223403-A736-4B78-96D2-C64A4D1D3830}
		{2B784344-7969-4274-BE97-079C5F5360E2} = {A2E7CCE3-2499-4928-8D5B-1E83C1EFE08F}
		{4EDDA24D-DC45-4E2B-B6E8-1DB2BFD78F07} = {A2E7CCE3-2499-4928-8D5B-1E83C1EFE08F}
		{BFCDAEF5-83A3-4961-B251-9D2157681367} = {A2E7CCE3-2499-4928-8D5B-1E83C1EFE08F}
		{C0356162-07D7-4569-AEDA-5D04295F3F7A} = {A2E7CCE3-2499-4928-8D5B-1E83C1EFE08F}
		{7FC0D75D-CF8A-4A47-9A1B-9721C237A124} = {A2E7CCE3-2499-4928-8D5B-1E83C1EFE08F}
		{2EC74913-B9FA-421E-8B1E-37F42442F368} = {A2E7CCE3-2499-4928-8D5B-1E83C1EFE08F}
		{39B25B3F-B31C-4767-BCE3-246BF9A223BB} = {A2E7CCE3-2499-4928-8D5B-1E83C1EFE08F}
		{0CC65516-E9A6-4516-829C-8EA6369AC962} = {A2E7CCE3-2499-4928-8D5B-1E83C1EFE08F}
		{884F4897-D442-45E1-993C-28DB19B1CBA4} = {A2E7CCE3-2499-4928-8D5B-1E83C1EFE08F}
		{39D23574-E6A1-4E0E-A7DD-E2FF150826F5} = {A2E7CCE3-2499-4928-8D5B-1E83C1EFE08F}
		{CBB033E7-5EA1-4D48-86B0-B111998CA711} = {A2E7CCE3-2499-4928-8D5B-1E83C1EFE08F}
		{F10B069C-8C2D-4EF6-B196-98AD8F712959} = {A2E7CCE3-2499-4928-8D5B-1E83C1EFE08F}
		{1C25FA46-E6CC-4D58-A89C-221C7185EE65} = {A2E7CCE3-2499-4928-8D5B-1E83C1EFE08F}
		{E581B883-CC09-4E5C-8737-DC61ABCEFDB4} = {31589D08-C670-48BA-94B5-9300DE84BEEE}
		{87FA5D66-EE9F-4200-AD36-16E53CFF5A00} = {90D2C72F-4DCD-47E2-A834-406C616D0790}
		{4AD31E16-4857-4015-84AF-E1FC51B1F718} = {A2E7CCE3-2499-4928-8D5B-1E83C1EFE08F}
		{B76D16C5-4924-4E53-B273-84147543B365} = {93BEE38A-3878-4B53-B4D7-AF27F17F3632}
	EndGlobalSection
EndGlobal
