
Microsoft Visual Studio Solution File, Format Version 12.00
# Visual Studio 14
VisualStudioVersion = 14.0.23107.0
MinimumVisualStudioVersion = 10.0.40219.1
Project("{FAE04EC0-301F-11D3-BF4B-00C04F79EFBC}") = "GrabCaster.SDK.AzureBlobTrigger", "Triggers\AzureBlobTrigger\GrabCaster.SDK.AzureBlobTrigger.csproj", "{2B784344-7969-4274-BE97-079C5F5360E2}"
EndProject
Project("{FAE04EC0-301F-11D3-BF4B-00C04F79EFBC}") = "GrabCaster.SDK.AzureQueueTrigger", "Triggers\AzureQueueTrigger\GrabCaster.SDK.AzureQueueTrigger.csproj", "{4EDDA24D-DC45-4E2B-B6E8-1DB2BFD78F07}"
EndProject
Project("{FAE04EC0-301F-11D3-BF4B-00C04F79EFBC}") = "GrabCaster.SDK.AzureTopicTrigger", "Triggers\AzureTopicTrigger\GrabCaster.SDK.AzureTopicTrigger.csproj", "{BFCDAEF5-83A3-4961-B251-9D2157681367}"
EndProject
Project("{FAE04EC0-301F-11D3-BF4B-00C04F79EFBC}") = "GrabCaster.SDK.BulksqlServerTrigger", "Triggers\BULKSQLServerTrigger\GrabCaster.SDK.BulksqlServerTrigger.csproj", "{884F4897-D442-45E1-993C-28DB19B1CBA4}"
EndProject
Project("{FAE04EC0-301F-11D3-BF4B-00C04F79EFBC}") = "GrabCaster.SDK.ChatTrigger", "Triggers\ChatTrigger\GrabCaster.SDK.ChatTrigger.csproj", "{4AD31E16-4857-4015-84AF-E1FC51B1F718}"
EndProject
Project("{FAE04EC0-301F-11D3-BF4B-00C04F79EFBC}") = "GrabCaster.SDK.CSharpTrigger", "Triggers\CSharpTrigger\GrabCaster.SDK.CSharpTrigger.csproj", "{C0356162-07D7-4569-AEDA-5D04295F3F7A}"
EndProject
Project("{FAE04EC0-301F-11D3-BF4B-00C04F79EFBC}") = "GrabCaster.SDK.EtwTrigger", "Triggers\ETW\GrabCaster.SDK.EtwTrigger.csproj", "{F10B069C-8C2D-4EF6-B196-98AD8F712959}"
EndProject
Project("{FAE04EC0-301F-11D3-BF4B-00C04F79EFBC}") = "GrabCaster.SDK.EventHubsTrigger", "Triggers\EventHubsTrigger\GrabCaster.SDK.EventHubsTrigger.csproj", "{1C25FA46-E6CC-4D58-A89C-221C7185EE65}"
EndProject
Project("{FAE04EC0-301F-11D3-BF4B-00C04F79EFBC}") = "GrabCaster.SDK.EventViewerTrigger", "Triggers\EventViewerTrigger\GrabCaster.SDK.EventViewerTrigger.csproj", "{CBB033E7-5EA1-4D48-86B0-B111998CA711}"
EndProject
Project("{FAE04EC0-301F-11D3-BF4B-00C04F79EFBC}") = "GrabCaster.SDK.FileTrigger", "Triggers\FileTrigger\GrabCaster.SDK.FileTrigger.csproj", "{2EC74913-B9FA-421E-8B1E-37F42442F368}"
EndProject
Project("{FAE04EC0-301F-11D3-BF4B-00C04F79EFBC}") = "GrabCaster.SDK.NopTrigger", "Triggers\NOPTrigger\GrabCaster.SDK.NopTrigger.csproj", "{39B25B3F-B31C-4767-BCE3-246BF9A223BB}"
EndProject
Project("{FAE04EC0-301F-11D3-BF4B-00C04F79EFBC}") = "GrabCaster.SDK.PowerShellTrigger", "Triggers\PowershellTrigger\GrabCaster.SDK.PowerShellTrigger.csproj", "{7FC0D75D-CF8A-4A47-9A1B-9721C237A124}"
EndProject
Project("{FAE04EC0-301F-11D3-BF4B-00C04F79EFBC}") = "GrabCaster.SDK.RfidTrigger", "Triggers\RfidTrigger\GrabCaster.SDK.RfidTrigger.csproj", "{0CC65516-E9A6-4516-829C-8EA6369AC962}"
EndProject
Project("{FAE04EC0-301F-11D3-BF4B-00C04F79EFBC}") = "GrabCaster.SDK.SqlServerTrigger", "Triggers\SQLServerTrigger\GrabCaster.SDK.SqlServerTrigger.csproj", "{39D23574-E6A1-4E0E-A7DD-E2FF150826F5}"
EndProject
Global
	GlobalSection(SolutionConfigurationPlatforms) = preSolution
		Debug|Any CPU = Debug|Any CPU
		Release|Any CPU = Release|Any CPU
	EndGlobalSection
	GlobalSection(ProjectConfigurationPlatforms) = postSolution
		{2B784344-7969-4274-BE97-079C5F5360E2}.Debug|Any CPU.ActiveCfg = Debug|Any CPU
		{2B784344-7969-4274-BE97-079C5F5360E2}.Debug|Any CPU.Build.0 = Debug|Any CPU
		{2B784344-7969-4274-BE97-079C5F5360E2}.Release|Any CPU.ActiveCfg = Release|Any CPU
		{2B784344-7969-4274-BE97-079C5F5360E2}.Release|Any CPU.Build.0 = Release|Any CPU
		{4EDDA24D-DC45-4E2B-B6E8-1DB2BFD78F07}.Debug|Any CPU.ActiveCfg = Debug|Any CPU
		{4EDDA24D-DC45-4E2B-B6E8-1DB2BFD78F07}.Debug|Any CPU.Build.0 = Debug|Any CPU
		{4EDDA24D-DC45-4E2B-B6E8-1DB2BFD78F07}.Release|Any CPU.ActiveCfg = Release|Any CPU
		{4EDDA24D-DC45-4E2B-B6E8-1DB2BFD78F07}.Release|Any CPU.Build.0 = Release|Any CPU
		{BFCDAEF5-83A3-4961-B251-9D2157681367}.Debug|Any CPU.ActiveCfg = Debug|Any CPU
		{BFCDAEF5-83A3-4961-B251-9D2157681367}.Debug|Any CPU.Build.0 = Debug|Any CPU
		{BFCDAEF5-83A3-4961-B251-9D2157681367}.Release|Any CPU.ActiveCfg = Release|Any CPU
		{BFCDAEF5-83A3-4961-B251-9D2157681367}.Release|Any CPU.Build.0 = Release|Any CPU
		{884F4897-D442-45E1-993C-28DB19B1CBA4}.Debug|Any CPU.ActiveCfg = Debug|Any CPU
		{884F4897-D442-45E1-993C-28DB19B1CBA4}.Debug|Any CPU.Build.0 = Debug|Any CPU
		{884F4897-D442-45E1-993C-28DB19B1CBA4}.Release|Any CPU.ActiveCfg = Release|Any CPU
		{884F4897-D442-45E1-993C-28DB19B1CBA4}.Release|Any CPU.Build.0 = Release|Any CPU
		{4AD31E16-4857-4015-84AF-E1FC51B1F718}.Debug|Any CPU.ActiveCfg = Debug|Any CPU
		{4AD31E16-4857-4015-84AF-E1FC51B1F718}.Debug|Any CPU.Build.0 = Debug|Any CPU
		{4AD31E16-4857-4015-84AF-E1FC51B1F718}.Release|Any CPU.ActiveCfg = Release|Any CPU
		{4AD31E16-4857-4015-84AF-E1FC51B1F718}.Release|Any CPU.Build.0 = Release|Any CPU
		{C0356162-07D7-4569-AEDA-5D04295F3F7A}.Debug|Any CPU.ActiveCfg = Debug|Any CPU
		{C0356162-07D7-4569-AEDA-5D04295F3F7A}.Debug|Any CPU.Build.0 = Debug|Any CPU
		{C0356162-07D7-4569-AEDA-5D04295F3F7A}.Release|Any CPU.ActiveCfg = Release|Any CPU
		{C0356162-07D7-4569-AEDA-5D04295F3F7A}.Release|Any CPU.Build.0 = Release|Any CPU
		{F10B069C-8C2D-4EF6-B196-98AD8F712959}.Debug|Any CPU.ActiveCfg = Debug|Any CPU
		{F10B069C-8C2D-4EF6-B196-98AD8F712959}.Debug|Any CPU.Build.0 = Debug|Any CPU
		{F10B069C-8C2D-4EF6-B196-98AD8F712959}.Release|Any CPU.ActiveCfg = Release|Any CPU
		{F10B069C-8C2D-4EF6-B196-98AD8F712959}.Release|Any CPU.Build.0 = Release|Any CPU
		{1C25FA46-E6CC-4D58-A89C-221C7185EE65}.Debug|Any CPU.ActiveCfg = Debug|Any CPU
		{1C25FA46-E6CC-4D58-A89C-221C7185EE65}.Debug|Any CPU.Build.0 = Debug|Any CPU
		{1C25FA46-E6CC-4D58-A89C-221C7185EE65}.Release|Any CPU.ActiveCfg = Release|Any CPU
		{1C25FA46-E6CC-4D58-A89C-221C7185EE65}.Release|Any CPU.Build.0 = Release|Any CPU
		{CBB033E7-5EA1-4D48-86B0-B111998CA711}.Debug|Any CPU.ActiveCfg = Debug|Any CPU
		{CBB033E7-5EA1-4D48-86B0-B111998CA711}.Debug|Any CPU.Build.0 = Debug|Any CPU
		{CBB033E7-5EA1-4D48-86B0-B111998CA711}.Release|Any CPU.ActiveCfg = Release|Any CPU
		{CBB033E7-5EA1-4D48-86B0-B111998CA711}.Release|Any CPU.Build.0 = Release|Any CPU
		{2EC74913-B9FA-421E-8B1E-37F42442F368}.Debug|Any CPU.ActiveCfg = Debug|Any CPU
		{2EC74913-B9FA-421E-8B1E-37F42442F368}.Debug|Any CPU.Build.0 = Debug|Any CPU
		{2EC74913-B9FA-421E-8B1E-37F42442F368}.Release|Any CPU.ActiveCfg = Release|Any CPU
		{2EC74913-B9FA-421E-8B1E-37F42442F368}.Release|Any CPU.Build.0 = Release|Any CPU
		{39B25B3F-B31C-4767-BCE3-246BF9A223BB}.Debug|Any CPU.ActiveCfg = Debug|Any CPU
		{39B25B3F-B31C-4767-BCE3-246BF9A223BB}.Debug|Any CPU.Build.0 = Debug|Any CPU
		{39B25B3F-B31C-4767-BCE3-246BF9A223BB}.Release|Any CPU.ActiveCfg = Release|Any CPU
		{39B25B3F-B31C-4767-BCE3-246BF9A223BB}.Release|Any CPU.Build.0 = Release|Any CPU
		{7FC0D75D-CF8A-4A47-9A1B-9721C237A124}.Debug|Any CPU.ActiveCfg = Debug|Any CPU
		{7FC0D75D-CF8A-4A47-9A1B-9721C237A124}.Debug|Any CPU.Build.0 = Debug|Any CPU
		{7FC0D75D-CF8A-4A47-9A1B-9721C237A124}.Release|Any CPU.ActiveCfg = Release|Any CPU
		{7FC0D75D-CF8A-4A47-9A1B-9721C237A124}.Release|Any CPU.Build.0 = Release|Any CPU
		{0CC65516-E9A6-4516-829C-8EA6369AC962}.Debug|Any CPU.ActiveCfg = Debug|Any CPU
		{0CC65516-E9A6-4516-829C-8EA6369AC962}.Debug|Any CPU.Build.0 = Debug|Any CPU
		{0CC65516-E9A6-4516-829C-8EA6369AC962}.Release|Any CPU.ActiveCfg = Release|Any CPU
		{0CC65516-E9A6-4516-829C-8EA6369AC962}.Release|Any CPU.Build.0 = Release|Any CPU
		{39D23574-E6A1-4E0E-A7DD-E2FF150826F5}.Debug|Any CPU.ActiveCfg = Debug|Any CPU
		{39D23574-E6A1-4E0E-A7DD-E2FF150826F5}.Debug|Any CPU.Build.0 = Debug|Any CPU
		{39D23574-E6A1-4E0E-A7DD-E2FF150826F5}.Release|Any CPU.ActiveCfg = Release|Any CPU
		{39D23574-E6A1-4E0E-A7DD-E2FF150826F5}.Release|Any CPU.Build.0 = Release|Any CPU
	EndGlobalSection
	GlobalSection(SolutionProperties) = preSolution
		HideSolutionNode = FALSE
	EndGlobalSection
	GlobalSection(TeamFoundationVersionControl) = preSolution
		SccNumberOfProjects = 15
		SccEnterpriseProvider = {4CA58AB2-18FA-4F8D-95D4-32DDF27D184C}
		SccTeamFoundationServer = https://grabcaster.visualstudio.com/defaultcollection
		SccLocalPath0 = .
		SccProjectUniqueName1 = Triggers\\AzureBlobTrigger\\GrabCaster.SDK.AzureBlobTrigger.csproj
		SccProjectName1 = Triggers/AzureBlobTrigger
		SccLocalPath1 = Triggers\\AzureBlobTrigger
		SccProjectUniqueName2 = Triggers\\AzureQueueTrigger\\GrabCaster.SDK.AzureQueueTrigger.csproj
		SccProjectName2 = Triggers/AzureQueueTrigger
		SccLocalPath2 = Triggers\\AzureQueueTrigger
		SccProjectUniqueName3 = Triggers\\AzureTopicTrigger\\GrabCaster.SDK.AzureTopicTrigger.csproj
		SccProjectName3 = Triggers/AzureTopicTrigger
		SccLocalPath3 = Triggers\\AzureTopicTrigger
		SccProjectUniqueName4 = Triggers\\BULKSQLServerTrigger\\GrabCaster.SDK.BulksqlServerTrigger.csproj
		SccProjectName4 = Triggers/BULKSQLServerTrigger
		SccLocalPath4 = Triggers\\BULKSQLServerTrigger
		SccProjectUniqueName5 = Triggers\\ChatTrigger\\GrabCaster.SDK.ChatTrigger.csproj
		SccProjectName5 = Triggers/ChatTrigger
		SccLocalPath5 = Triggers\\ChatTrigger
		SccProjectUniqueName6 = Triggers\\CSharpTrigger\\GrabCaster.SDK.CSharpTrigger.csproj
		SccProjectName6 = Triggers/CSharpTrigger
		SccLocalPath6 = Triggers\\CSharpTrigger
		SccProjectUniqueName7 = Triggers\\ETW\\GrabCaster.SDK.EtwTrigger.csproj
		SccProjectName7 = Triggers/ETW
		SccLocalPath7 = Triggers\\ETW
		SccProjectUniqueName8 = Triggers\\EventHubsTrigger\\GrabCaster.SDK.EventHubsTrigger.csproj
		SccProjectName8 = Triggers/EventHubsTrigger
		SccLocalPath8 = Triggers\\EventHubsTrigger
		SccProjectUniqueName9 = Triggers\\EventViewerTrigger\\GrabCaster.SDK.EventViewerTrigger.csproj
		SccProjectName9 = Triggers/EventViewerTrigger
		SccLocalPath9 = Triggers\\EventViewerTrigger
		SccProjectUniqueName10 = Triggers\\FileTrigger\\GrabCaster.SDK.FileTrigger.csproj
		SccProjectName10 = Triggers/FileTrigger
		SccLocalPath10 = Triggers\\FileTrigger
		SccProjectUniqueName11 = Triggers\\NOPTrigger\\GrabCaster.SDK.NopTrigger.csproj
		SccProjectName11 = Triggers/NOPTrigger
		SccLocalPath11 = Triggers\\NOPTrigger
		SccProjectUniqueName12 = Triggers\\PowershellTrigger\\GrabCaster.SDK.PowerShellTrigger.csproj
		SccProjectName12 = Triggers/PowershellTrigger
		SccLocalPath12 = Triggers\\PowershellTrigger
		SccProjectUniqueName13 = Triggers\\RfidTrigger\\GrabCaster.SDK.RfidTrigger.csproj
		SccProjectName13 = Triggers/RfidTrigger
		SccLocalPath13 = Triggers\\RfidTrigger
		SccProjectUniqueName14 = Triggers\\SQLServerTrigger\\GrabCaster.SDK.SqlServerTrigger.csproj
		SccProjectName14 = Triggers/SQLServerTrigger
		SccLocalPath14 = Triggers\\SQLServerTrigger
	EndGlobalSection
EndGlobal
